{
    "_readme": [
        "This file locks the dependencies of your project to a known state",
        "Read more about it at https://getcomposer.org/doc/01-basic-usage.md#composer-lock-the-lock-file",
        "This file is @generated automatically"
    ],
    "hash": "3c03a1ea3ba7544ce4ce2cf1379fd951",
    "content-hash": "ad850bd98df070d2ba6c8bdd33a96485",
    "packages": [
        {
            "name": "gabordemooij/redbean",
            "version": "v4.2.0",
            "source": {
                "type": "git",
                "url": "https://github.com/gabordemooij/redbean.git",
                "reference": "840a2e0d856042e75a701453f37896c597c6fbc2"
            },
            "dist": {
                "type": "zip",
                "url": "https://api.github.com/repos/gabordemooij/redbean/zipball/840a2e0d856042e75a701453f37896c597c6fbc2",
                "reference": "840a2e0d856042e75a701453f37896c597c6fbc2",
                "shasum": ""
            },
            "require": {
                "php": ">=5.3.4"
            },
            "type": "library",
            "autoload": {
                "psr-4": {
                    "RedBeanPHP\\": "RedBeanPHP"
                }
            },
            "notification-url": "https://packagist.org/downloads/",
            "license": [
                "New BSD and GPLv2"
            ],
            "authors": [
                {
                    "name": "Gabor de Mooij",
                    "email": "gabor@redbeanphp.com",
                    "homepage": "http://redbeanphp.com"
                }
            ],
            "description": "RedBeanPHP ORM",
            "homepage": "http://redbeanphp.com/",
            "keywords": [
                "orm"
            ],
            "time": "2015-04-01 19:03:42"
        },
        {
            "name": "google/apiclient",
            "version": "1.1.6",
            "source": {
                "type": "git",
                "url": "https://github.com/google/google-api-php-client.git",
                "reference": "a25dc9d5c109ebb02945ba1ff6336cc937c27628"
            },
            "dist": {
                "type": "zip",
                "url": "https://api.github.com/repos/google/google-api-php-client/zipball/a25dc9d5c109ebb02945ba1ff6336cc937c27628",
                "reference": "a25dc9d5c109ebb02945ba1ff6336cc937c27628",
                "shasum": ""
            },
            "require": {
                "php": ">=5.2.1"
            },
            "require-dev": {
                "phpunit/phpunit": "3.7.*",
                "squizlabs/php_codesniffer": "~2.3"
            },
            "type": "library",
            "extra": {
                "branch-alias": {
                    "dev-master": "1.1.x-dev"
                }
            },
            "autoload": {
                "classmap": [
                    "src/"
                ]
            },
            "notification-url": "https://packagist.org/downloads/",
            "license": [
                "Apache-2.0"
            ],
            "description": "Client library for Google APIs",
            "homepage": "http://developers.google.com/api-client-library/php",
            "keywords": [
                "google"
            ],
            "time": "2015-10-16 22:11:08"
        },
        {
            "name": "plasticbrain/php-flash-messages",
            "version": "v1.0.0",
            "source": {
                "type": "git",
                "url": "https://github.com/plasticbrain/PhpFlashMessages.git",
                "reference": "50c3084b319ce229a1a9e922698cc12cfd00d093"
            },
            "dist": {
                "type": "zip",
                "url": "https://api.github.com/repos/plasticbrain/PhpFlashMessages/zipball/50c3084b319ce229a1a9e922698cc12cfd00d093",
                "reference": "50c3084b319ce229a1a9e922698cc12cfd00d093",
                "shasum": ""
            },
            "require": {
                "php": ">=5.3.0"
            },
            "type": "library",
            "autoload": {
                "psr-4": {
                    "Plasticbrain\\FlashMessages\\": "src/"
                }
            },
            "notification-url": "https://packagist.org/downloads/",
            "license": [
                "MIT"
            ],
            "authors": [
                {
                    "name": "Mike Everhart",
                    "email": "mike@plasticbrain.net"
                }
            ],
            "description": "A modern take on PHP session-based flash messages",
            "keywords": [
                "flash",
                "messages",
                "php",
                "session"
            ],
            "time": "2015-10-28 19:45:37"
        },
        {
            "name": "symfony/http-foundation",
            "version": "2.8.x-dev",
            "source": {
                "type": "git",
                "url": "https://github.com/symfony/http-foundation.git",
                "reference": "5ed0ec39ef684bec84d1fd9f2a55104e403b7e49"
            },
            "dist": {
                "type": "zip",
                "url": "https://api.github.com/repos/symfony/http-foundation/zipball/2c45496b228b3d04b838d7b3095bbd37cc80b930",
                "reference": "5ed0ec39ef684bec84d1fd9f2a55104e403b7e49",
                "shasum": ""
            },
            "require": {
                "php": ">=5.3.9",
                "symfony/polyfill-php54": "~1.0"
            },
            "require-dev": {
                "symfony/expression-language": "~2.4|~3.0.0"
            },
            "type": "library",
            "extra": {
                "branch-alias": {
                    "dev-master": "2.8-dev"
                }
            },
            "autoload": {
                "psr-4": {
                    "Symfony\\Component\\HttpFoundation\\": ""
                },
                "exclude-from-classmap": [
                    "/Tests/"
                ]
            },
            "notification-url": "https://packagist.org/downloads/",
            "license": [
                "MIT"
            ],
            "authors": [
                {
                    "name": "Fabien Potencier",
                    "email": "fabien@symfony.com"
                },
                {
                    "name": "Symfony Community",
                    "homepage": "https://symfony.com/contributors"
                }
            ],
            "description": "Symfony HttpFoundation Component",
            "homepage": "https://symfony.com",
            "time": "2015-11-27 11:03:19"
        },
        {
            "name": "symfony/polyfill-php54",
            "version": "dev-master",
            "source": {
                "type": "git",
                "url": "https://github.com/symfony/polyfill-php54.git",
                "reference": "2c9f6d98eb30dc04fe0b06f9cc92a55acea5bdcc"
            },
            "dist": {
                "type": "zip",
                "url": "https://api.github.com/repos/symfony/polyfill-php54/zipball/2c9f6d98eb30dc04fe0b06f9cc92a55acea5bdcc",
                "reference": "2c9f6d98eb30dc04fe0b06f9cc92a55acea5bdcc",
                "shasum": ""
            },
            "require": {
                "php": ">=5.3.3"
            },
            "type": "library",
            "extra": {
                "branch-alias": {
                    "dev-master": "1.0-dev"
                }
            },
            "autoload": {
                "psr-4": {
                    "Symfony\\Polyfill\\Php54\\": ""
                },
                "files": [
                    "bootstrap.php"
                ],
                "classmap": [
                    "Resources/stubs"
                ]
            },
            "notification-url": "https://packagist.org/downloads/",
            "license": [
                "MIT"
            ],
            "authors": [
                {
                    "name": "Nicolas Grekas",
                    "email": "p@tchwork.com"
                },
                {
                    "name": "Symfony Community",
                    "homepage": "https://symfony.com/contributors"
                }
            ],
            "description": "Symfony polyfill backporting some PHP 5.4+ features to lower PHP versions",
            "homepage": "https://symfony.com",
            "keywords": [
                "compatibility",
                "polyfill",
                "portable",
                "shim"
            ],
            "time": "2015-11-04 20:28:58"
        }
    ],
    "packages-dev": [],
    "aliases": [],
    "minimum-stability": "dev",
    "stability-flags": [],
    "prefer-stable": false,
    "prefer-lowest": false,
    "platform": [],
    "platform-dev": []
}
